
Microsoft Visual Studio Solution File, Format Version 12.00
# Visual Studio Version 17
VisualStudioVersion = 17.0.31903.59
MinimumVisualStudioVersion = 10.0.40219.1
Project("{2150E333-8FDC-42A3-9474-1A3956D46DE8}") = "src", "src", "{827E0CD3-B72D-47B6-A68D-7590B98EB39B}"
EndProject
Project("{FAE04EC0-301F-11D3-BF4B-00C04F79EFBC}") = "VisorDBF.Core", "src\VisorDBF.Core\VisorDBF.Core.csproj", "{6F3DC4FF-3837-471B-A68E-4D2597E3FC57}"
EndProject
Project("{FAE04EC0-301F-11D3-BF4B-00C04F79EFBC}") = "VisorDBF.UI", "src\VisorDBF.UI\VisorDBF.UI.csproj", "{EC133280-3BC0-4787-A7CA-91347699097C}"
EndProject
Project("{2150E333-8FDC-42A3-9474-1A3956D46DE8}") = "tests", "tests", "{0AB3BF05-4346-4AA6-1389-037BE0695223}"
EndProject
Project("{FAE04EC0-301F-11D3-BF4B-00C04F79EFBC}") = "VisorDBF.Core.Tests", "tests\VisorDBF.Core.Tests\VisorDBF.Core.Tests.csproj", "{23D27780-0C0F-478E-853C-39B7F806E8FF}"
EndProject
Global
	GlobalSection(SolutionConfigurationPlatforms) = preSolution
		Debug|Any CPU = Debug|Any CPU
		Debug|x64 = Debug|x64
		Debug|x86 = Debug|x86
		Release|Any CPU = Release|Any CPU
		Release|x64 = Release|x64
		Release|x86 = Release|x86
	EndGlobalSection
	GlobalSection(ProjectConfigurationPlatforms) = postSolution
		{6F3DC4FF-3837-471B-A68E-4D2597E3FC57}.Debug|Any CPU.ActiveCfg = Debug|Any CPU
		{6F3DC4FF-3837-471B-A68E-4D2597E3FC57}.Debug|Any CPU.Build.0 = Debug|Any CPU
		{6F3DC4FF-3837-471B-A68E-4D2597E3FC57}.Debug|x64.ActiveCfg = Debug|Any CPU
		{6F3DC4FF-3837-471B-A68E-4D2597E3FC57}.Debug|x64.Build.0 = Debug|Any CPU
		{6F3DC4FF-3837-471B-A68E-4D2597E3FC57}.Debug|x86.ActiveCfg = Debug|Any CPU
		{6F3DC4FF-3837-471B-A68E-4D2597E3FC57}.Debug|x86.Build.0 = Debug|Any CPU
		{6F3DC4FF-3837-471B-A68E-4D2597E3FC57}.Release|Any CPU.ActiveCfg = Release|Any CPU
		{6F3DC4FF-3837-471B-A68E-4D2597E3FC57}.Release|Any CPU.Build.0 = Release|Any CPU
		{6F3DC4FF-3837-471B-A68E-4D2597E3FC57}.Release|x64.ActiveCfg = Release|Any CPU
		{6F3DC4FF-3837-471B-A68E-4D2597E3FC57}.Release|x64.Build.0 = Release|Any CPU
		{6F3DC4FF-3837-471B-A68E-4D2597E3FC57}.Release|x86.ActiveCfg = Release|Any CPU
		{6F3DC4FF-3837-471B-A68E-4D2597E3FC57}.Release|x86.Build.0 = Release|Any CPU
		{EC133280-3BC0-4787-A7CA-91347699097C}.Debug|Any CPU.ActiveCfg = Debug|Any CPU
		{EC133280-3BC0-4787-A7CA-91347699097C}.Debug|Any CPU.Build.0 = Debug|Any CPU
		{EC133280-3BC0-4787-A7CA-91347699097C}.Debug|x64.ActiveCfg = Debug|Any CPU
		{EC133280-3BC0-4787-A7CA-91347699097C}.Debug|x64.Build.0 = Debug|Any CPU
		{EC133280-3BC0-4787-A7CA-91347699097C}.Debug|x86.ActiveCfg = Debug|Any CPU
		{EC133280-3BC0-4787-A7CA-91347699097C}.Debug|x86.Build.0 = Debug|Any CPU
		{EC133280-3BC0-4787-A7CA-91347699097C}.Release|Any CPU.ActiveCfg = Release|Any CPU
		{EC133280-3BC0-4787-A7CA-91347699097C}.Release|Any CPU.Build.0 = Release|Any CPU
		{EC133280-3BC0-4787-A7CA-91347699097C}.Release|x64.ActiveCfg = Release|Any CPU
		{EC133280-3BC0-4787-A7CA-91347699097C}.Release|x64.Build.0 = Release|Any CPU
		{EC133280-3BC0-4787-A7CA-91347699097C}.Release|x86.ActiveCfg = Release|Any CPU
		{EC133280-3BC0-4787-A7CA-91347699097C}.Release|x86.Build.0 = Release|Any CPU
		{23D27780-0C0F-478E-853C-39B7F806E8FF}.Debug|Any CPU.ActiveCfg = Debug|Any CPU
		{23D27780-0C0F-478E-853C-39B7F806E8FF}.Debug|Any CPU.Build.0 = Debug|Any CPU
		{23D27780-0C0F-478E-853C-39B7F806E8FF}.Debug|x64.ActiveCfg = Debug|Any CPU
		{23D27780-0C0F-478E-853C-39B7F806E8FF}.Debug|x64.Build.0 = Debug|Any CPU
		{23D27780-0C0F-478E-853C-39B7F806E8FF}.Debug|x86.ActiveCfg = Debug|Any CPU
		{23D27780-0C0F-478E-853C-39B7F806E8FF}.Debug|x86.Build.0 = Debug|Any CPU
		{23D27780-0C0F-478E-853C-39B7F806E8FF}.Release|Any CPU.ActiveCfg = Release|Any CPU
		{23D27780-0C0F-478E-853C-39B7F806E8FF}.Release|Any CPU.Build.0 = Release|Any CPU
		{23D27780-0C0F-478E-853C-39B7F806E8FF}.Release|x64.ActiveCfg = Release|Any CPU
		{23D27780-0C0F-478E-853C-39B7F806E8FF}.Release|x64.Build.0 = Release|Any CPU
		{23D27780-0C0F-478E-853C-39B7F806E8FF}.Release|x86.ActiveCfg = Release|Any CPU
		{23D27780-0C0F-478E-853C-39B7F806E8FF}.Release|x86.Build.0 = Release|Any CPU
	EndGlobalSection
	GlobalSection(SolutionProperties) = preSolution
		HideSolutionNode = FALSE
	EndGlobalSection
	GlobalSection(NestedProjects) = preSolution
		{6F3DC4FF-3837-471B-A68E-4D2597E3FC57} = {827E0CD3-B72D-47B6-A68D-7590B98EB39B}
		{EC133280-3BC0-4787-A7CA-91347699097C} = {827E0CD3-B72D-47B6-A68D-7590B98EB39B}
		{23D27780-0C0F-478E-853C-39B7F806E8FF} = {0AB3BF05-4346-4AA6-1389-037BE0695223}
	EndGlobalSection
EndGlobal
